// !$*UTF8*$!
{
	archiveVersion = 1;
	classes = {
	};
	objectVersion = 56;
	objects = {

/* Begin PBXBuildFile section */
		CD0F9CE3295B36E800A0FF94 /* Dependency.swift in Sources */ = {isa = PBXBuildFile; fileRef = CD0F9CE2295B36E800A0FF94 /* Dependency.swift */; };
		CD2BAD12292EBBFC00A617C8 /* TestPixabayApp.swift in Sources */ = {isa = PBXBuildFile; fileRef = CD2BAD11292EBBFC00A617C8 /* TestPixabayApp.swift */; };
		CD2BAD16292EBBFF00A617C8 /* Assets.xcassets in Resources */ = {isa = PBXBuildFile; fileRef = CD2BAD15292EBBFF00A617C8 /* Assets.xcassets */; };
		CD2BAD19292EBBFF00A617C8 /* Preview Assets.xcassets in Resources */ = {isa = PBXBuildFile; fileRef = CD2BAD18292EBBFF00A617C8 /* Preview Assets.xcassets */; };
		CD2BAD2D292EBBFF00A617C8 /* TestPixabayUITests.swift in Sources */ = {isa = PBXBuildFile; fileRef = CD2BAD2C292EBBFF00A617C8 /* TestPixabayUITests.swift */; };
		CD2BAD2F292EBBFF00A617C8 /* TestPixabayUITestsLaunchTests.swift in Sources */ = {isa = PBXBuildFile; fileRef = CD2BAD2E292EBBFF00A617C8 /* TestPixabayUITestsLaunchTests.swift */; };
		CD2BAD43292EC11200A617C8 /* PicturesView.swift in Sources */ = {isa = PBXBuildFile; fileRef = CD2BAD42292EC11200A617C8 /* PicturesView.swift */; };
		CD2BAD4D292EC33F00A617C8 /* ErrorView.swift in Sources */ = {isa = PBXBuildFile; fileRef = CD2BAD4C292EC33F00A617C8 /* ErrorView.swift */; };
		CD71E0B3294B8B9000F8205D /* PlatformInitializer.swift in Sources */ = {isa = PBXBuildFile; fileRef = CD71E0B2294B8B9000F8205D /* PlatformInitializer.swift */; };
		CD71E0B6294BD46000F8205D /* PicturesReducerTests.swift in Sources */ = {isa = PBXBuildFile; fileRef = CD71E0B5294BD46000F8205D /* PicturesReducerTests.swift */; };
		CD96909C29303A0400ECB3B1 /* PicturesClient.swift in Sources */ = {isa = PBXBuildFile; fileRef = CD96909B29303A0400ECB3B1 /* PicturesClient.swift */; };
		CD96909F29303BAE00ECB3B1 /* PicturesClientImpl.swift in Sources */ = {isa = PBXBuildFile; fileRef = CD96909E29303BAE00ECB3B1 /* PicturesClientImpl.swift */; };
		CD9690A229303BFE00ECB3B1 /* Network.swift in Sources */ = {isa = PBXBuildFile; fileRef = CD9690A129303BFE00ECB3B1 /* Network.swift */; };
		CD9690A829303D6E00ECB3B1 /* PicturesModel.swift in Sources */ = {isa = PBXBuildFile; fileRef = CD9690A729303D6E00ECB3B1 /* PicturesModel.swift */; };
		CD9690BB2930D93600ECB3B1 /* Answer.swift in Sources */ = {isa = PBXBuildFile; fileRef = CD9690BA2930D93600ECB3B1 /* Answer.swift */; };
		CD9D9992292FDA6D002B14E0 /* TagsView.swift in Sources */ = {isa = PBXBuildFile; fileRef = CD9D9991292FDA6D002B14E0 /* TagsView.swift */; };
		CD9D9994292FE64D002B14E0 /* PictureDetailsView.swift in Sources */ = {isa = PBXBuildFile; fileRef = CD9D9993292FE64D002B14E0 /* PictureDetailsView.swift */; };
		CDBE9F90293A55EB002BF538 /* SDWebImageSwiftUI in Frameworks */ = {isa = PBXBuildFile; productRef = CDBE9F8F293A55EB002BF538 /* SDWebImageSwiftUI */; };
		CDBE9F92293A5FDC002BF538 /* ResizableImageView.swift in Sources */ = {isa = PBXBuildFile; fileRef = CDBE9F91293A5FDC002BF538 /* ResizableImageView.swift */; };
		CDD7897A294932830001C108 /* ComposableArchitecture in Frameworks */ = {isa = PBXBuildFile; productRef = CDD78979294932830001C108 /* ComposableArchitecture */; };
		CDD7897C294932830001C108 /* Dependencies in Frameworks */ = {isa = PBXBuildFile; productRef = CDD7897B294932830001C108 /* Dependencies */; };
		CDD7897F294933F40001C108 /* PicturesReducer.swift in Sources */ = {isa = PBXBuildFile; fileRef = CDD7897E294933F40001C108 /* PicturesReducer.swift */; };
		CDFD85962943732F006C9C4C /* SDWebImageSwiftUI in Frameworks */ = {isa = PBXBuildFile; productRef = CDFD85952943732F006C9C4C /* SDWebImageSwiftUI */; };
/* End PBXBuildFile section */

/* Begin PBXContainerItemProxy section */
		CD2BAD1F292EBBFF00A617C8 /* PBXContainerItemProxy */ = {
			isa = PBXContainerItemProxy;
			containerPortal = CD2BAD06292EBBFC00A617C8 /* Project object */;
			proxyType = 1;
			remoteGlobalIDString = CD2BAD0D292EBBFC00A617C8;
			remoteInfo = TestPixabay;
		};
		CD2BAD29292EBBFF00A617C8 /* PBXContainerItemProxy */ = {
			isa = PBXContainerItemProxy;
			containerPortal = CD2BAD06292EBBFC00A617C8 /* Project object */;
			proxyType = 1;
			remoteGlobalIDString = CD2BAD0D292EBBFC00A617C8;
			remoteInfo = TestPixabay;
		};
/* End PBXContainerItemProxy section */

/* Begin PBXFileReference section */
		CD0F9CE2295B36E800A0FF94 /* Dependency.swift */ = {isa = PBXFileReference; lastKnownFileType = sourcecode.swift; path = Dependency.swift; sourceTree = "<group>"; };
		CD2BAD0E292EBBFC00A617C8 /* TestPixabay.app */ = {isa = PBXFileReference; explicitFileType = wrapper.application; includeInIndex = 0; path = TestPixabay.app; sourceTree = BUILT_PRODUCTS_DIR; };
		CD2BAD11292EBBFC00A617C8 /* TestPixabayApp.swift */ = {isa = PBXFileReference; lastKnownFileType = sourcecode.swift; path = TestPixabayApp.swift; sourceTree = "<group>"; };
		CD2BAD15292EBBFF00A617C8 /* Assets.xcassets */ = {isa = PBXFileReference; lastKnownFileType = folder.assetcatalog; path = Assets.xcassets; sourceTree = "<group>"; };
		CD2BAD18292EBBFF00A617C8 /* Preview Assets.xcassets */ = {isa = PBXFileReference; lastKnownFileType = folder.assetcatalog; path = "Preview Assets.xcassets"; sourceTree = "<group>"; };
		CD2BAD1E292EBBFF00A617C8 /* TestPixabayTests.xctest */ = {isa = PBXFileReference; explicitFileType = wrapper.cfbundle; includeInIndex = 0; path = TestPixabayTests.xctest; sourceTree = BUILT_PRODUCTS_DIR; };
		CD2BAD28292EBBFF00A617C8 /* TestPixabayUITests.xctest */ = {isa = PBXFileReference; explicitFileType = wrapper.cfbundle; includeInIndex = 0; path = TestPixabayUITests.xctest; sourceTree = BUILT_PRODUCTS_DIR; };
		CD2BAD2C292EBBFF00A617C8 /* TestPixabayUITests.swift */ = {isa = PBXFileReference; lastKnownFileType = sourcecode.swift; path = TestPixabayUITests.swift; sourceTree = "<group>"; };
		CD2BAD2E292EBBFF00A617C8 /* TestPixabayUITestsLaunchTests.swift */ = {isa = PBXFileReference; lastKnownFileType = sourcecode.swift; path = TestPixabayUITestsLaunchTests.swift; sourceTree = "<group>"; };
		CD2BAD42292EC11200A617C8 /* PicturesView.swift */ = {isa = PBXFileReference; lastKnownFileType = sourcecode.swift; path = PicturesView.swift; sourceTree = "<group>"; };
		CD2BAD4C292EC33F00A617C8 /* ErrorView.swift */ = {isa = PBXFileReference; lastKnownFileType = sourcecode.swift; path = ErrorView.swift; sourceTree = "<group>"; };
		CD71E0B2294B8B9000F8205D /* PlatformInitializer.swift */ = {isa = PBXFileReference; lastKnownFileType = sourcecode.swift; path = PlatformInitializer.swift; sourceTree = "<group>"; };
		CD71E0B5294BD46000F8205D /* PicturesReducerTests.swift */ = {isa = PBXFileReference; lastKnownFileType = sourcecode.swift; path = PicturesReducerTests.swift; sourceTree = "<group>"; };
		CD96909B29303A0400ECB3B1 /* PicturesClient.swift */ = {isa = PBXFileReference; lastKnownFileType = sourcecode.swift; path = PicturesClient.swift; sourceTree = "<group>"; };
		CD96909E29303BAE00ECB3B1 /* PicturesClientImpl.swift */ = {isa = PBXFileReference; lastKnownFileType = sourcecode.swift; path = PicturesClientImpl.swift; sourceTree = "<group>"; };
		CD9690A129303BFE00ECB3B1 /* Network.swift */ = {isa = PBXFileReference; lastKnownFileType = sourcecode.swift; path = Network.swift; sourceTree = "<group>"; };
		CD9690A729303D6E00ECB3B1 /* PicturesModel.swift */ = {isa = PBXFileReference; lastKnownFileType = sourcecode.swift; path = PicturesModel.swift; sourceTree = "<group>"; };
		CD9690BA2930D93600ECB3B1 /* Answer.swift */ = {isa = PBXFileReference; lastKnownFileType = sourcecode.swift; path = Answer.swift; sourceTree = "<group>"; };
		CD9690C52930EEEC00ECB3B1 /* Info.plist */ = {isa = PBXFileReference; lastKnownFileType = text.plist; path = Info.plist; sourceTree = "<group>"; };
		CD9D9991292FDA6D002B14E0 /* TagsView.swift */ = {isa = PBXFileReference; lastKnownFileType = sourcecode.swift; path = TagsView.swift; sourceTree = "<group>"; };
		CD9D9993292FE64D002B14E0 /* PictureDetailsView.swift */ = {isa = PBXFileReference; lastKnownFileType = sourcecode.swift; path = PictureDetailsView.swift; sourceTree = "<group>"; };
		CDBE9F91293A5FDC002BF538 /* ResizableImageView.swift */ = {isa = PBXFileReference; lastKnownFileType = sourcecode.swift; path = ResizableImageView.swift; sourceTree = "<group>"; };
		CDD7897E294933F40001C108 /* PicturesReducer.swift */ = {isa = PBXFileReference; lastKnownFileType = sourcecode.swift; path = PicturesReducer.swift; sourceTree = "<group>"; };
/* End PBXFileReference section */

/* Begin PBXFrameworksBuildPhase section */
		CD2BAD0B292EBBFC00A617C8 /* Frameworks */ = {
			isa = PBXFrameworksBuildPhase;
			buildActionMask = 2147483647;
			files = (
				CDD7897C294932830001C108 /* Dependencies in Frameworks */,
				CDD7897A294932830001C108 /* ComposableArchitecture in Frameworks */,
				CDBE9F90293A55EB002BF538 /* SDWebImageSwiftUI in Frameworks */,
			);
			runOnlyForDeploymentPostprocessing = 0;
		};
		CD2BAD1B292EBBFF00A617C8 /* Frameworks */ = {
			isa = PBXFrameworksBuildPhase;
			buildActionMask = 2147483647;
			files = (
				CDFD85962943732F006C9C4C /* SDWebImageSwiftUI in Frameworks */,
			);
			runOnlyForDeploymentPostprocessing = 0;
		};
		CD2BAD25292EBBFF00A617C8 /* Frameworks */ = {
			isa = PBXFrameworksBuildPhase;
			buildActionMask = 2147483647;
			files = (
			);
			runOnlyForDeploymentPostprocessing = 0;
		};
/* End PBXFrameworksBuildPhase section */

/* Begin PBXGroup section */
		CD2BAD05292EBBFC00A617C8 = {
			isa = PBXGroup;
			children = (
				CD2BAD10292EBBFC00A617C8 /* TestPixabay */,
				CD2BAD21292EBBFF00A617C8 /* TestPixabayTests */,
				CD2BAD2B292EBBFF00A617C8 /* TestPixabayUITests */,
				CD2BAD0F292EBBFC00A617C8 /* Products */,
				CDFD85942943732F006C9C4C /* Frameworks */,
			);
			sourceTree = "<group>";
		};
		CD2BAD0F292EBBFC00A617C8 /* Products */ = {
			isa = PBXGroup;
			children = (
				CD2BAD0E292EBBFC00A617C8 /* TestPixabay.app */,
				CD2BAD1E292EBBFF00A617C8 /* TestPixabayTests.xctest */,
				CD2BAD28292EBBFF00A617C8 /* TestPixabayUITests.xctest */,
			);
			name = Products;
			sourceTree = "<group>";
		};
		CD2BAD10292EBBFC00A617C8 /* TestPixabay */ = {
			isa = PBXGroup;
			children = (
				CD9690C52930EEEC00ECB3B1 /* Info.plist */,
				CDFD85982943965D006C9C4C /* Common */,
				CD6A8F32295A6CAC0073D5C0 /* PicturesClient */,
				CDFD859729439613006C9C4C /* PicturesFeature */,
				CD2BAD11292EBBFC00A617C8 /* TestPixabayApp.swift */,
				CD2BAD15292EBBFF00A617C8 /* Assets.xcassets */,
				CD2BAD17292EBBFF00A617C8 /* Preview Content */,
			);
			path = TestPixabay;
			sourceTree = "<group>";
		};
		CD2BAD17292EBBFF00A617C8 /* Preview Content */ = {
			isa = PBXGroup;
			children = (
				CD2BAD18292EBBFF00A617C8 /* Preview Assets.xcassets */,
			);
			path = "Preview Content";
			sourceTree = "<group>";
		};
		CD2BAD21292EBBFF00A617C8 /* TestPixabayTests */ = {
			isa = PBXGroup;
			children = (
				CD9690B72930D8E000ECB3B1 /* Common */,
				CDFD859E2943973B006C9C4C /* PicturesFeature */,
			);
			path = TestPixabayTests;
			sourceTree = "<group>";
		};
		CD2BAD2B292EBBFF00A617C8 /* TestPixabayUITests */ = {
			isa = PBXGroup;
			children = (
				CD2BAD2C292EBBFF00A617C8 /* TestPixabayUITests.swift */,
				CD2BAD2E292EBBFF00A617C8 /* TestPixabayUITestsLaunchTests.swift */,
			);
			path = TestPixabayUITests;
			sourceTree = "<group>";
		};
		CD6A8F32295A6CAC0073D5C0 /* PicturesClient */ = {
			isa = PBXGroup;
			children = (
				CD9690A729303D6E00ECB3B1 /* PicturesModel.swift */,
				CD96909B29303A0400ECB3B1 /* PicturesClient.swift */,
				CD96909E29303BAE00ECB3B1 /* PicturesClientImpl.swift */,
				CD0F9CE2295B36E800A0FF94 /* Dependency.swift */,
			);
			path = PicturesClient;
			sourceTree = "<group>";
		};
		CD71E0B7294CF2DA00F8205D /* Platform */ = {
			isa = PBXGroup;
			children = (
				CD71E0B2294B8B9000F8205D /* PlatformInitializer.swift */,
				CD9690A129303BFE00ECB3B1 /* Network.swift */,
			);
			path = Platform;
			sourceTree = "<group>";
		};
		CD9690B72930D8E000ECB3B1 /* Common */ = {
			isa = PBXGroup;
			children = (
				CD9690BA2930D93600ECB3B1 /* Answer.swift */,
			);
			path = Common;
			sourceTree = "<group>";
		};
		CDFD85942943732F006C9C4C /* Frameworks */ = {
			isa = PBXGroup;
			children = (
			);
			name = Frameworks;
			sourceTree = "<group>";
		};
		CDFD859729439613006C9C4C /* PicturesFeature */ = {
			isa = PBXGroup;
			children = (
				CD2BAD42292EC11200A617C8 /* PicturesView.swift */,
				CD9D9993292FE64D002B14E0 /* PictureDetailsView.swift */,
				CDD7897E294933F40001C108 /* PicturesReducer.swift */,
				CD9D9991292FDA6D002B14E0 /* TagsView.swift */,
				CDBE9F91293A5FDC002BF538 /* ResizableImageView.swift */,
			);
			path = PicturesFeature;
			sourceTree = "<group>";
		};
		CDFD85982943965D006C9C4C /* Common */ = {
			isa = PBXGroup;
			children = (
				CD71E0B7294CF2DA00F8205D /* Platform */,
				CDFD859A294396B2006C9C4C /* View */,
			);
			path = Common;
			sourceTree = "<group>";
		};
		CDFD859A294396B2006C9C4C /* View */ = {
			isa = PBXGroup;
			children = (
				CD2BAD4C292EC33F00A617C8 /* ErrorView.swift */,
			);
			path = View;
			sourceTree = "<group>";
		};
		CDFD859E2943973B006C9C4C /* PicturesFeature */ = {
			isa = PBXGroup;
			children = (
				CD71E0B5294BD46000F8205D /* PicturesReducerTests.swift */,
			);
			path = PicturesFeature;
			sourceTree = "<group>";
		};
/* End PBXGroup section */

/* Begin PBXNativeTarget section */
		CD2BAD0D292EBBFC00A617C8 /* TestPixabay */ = {
			isa = PBXNativeTarget;
			buildConfigurationList = CD2BAD32292EBBFF00A617C8 /* Build configuration list for PBXNativeTarget "TestPixabay" */;
			buildPhases = (
				CD2BAD0A292EBBFC00A617C8 /* Sources */,
				CD2BAD0B292EBBFC00A617C8 /* Frameworks */,
				CD2BAD0C292EBBFC00A617C8 /* Resources */,
			);
			buildRules = (
			);
			dependencies = (
			);
			name = TestPixabay;
			packageProductDependencies = (
				CDBE9F8F293A55EB002BF538 /* SDWebImageSwiftUI */,
				CDD78979294932830001C108 /* ComposableArchitecture */,
				CDD7897B294932830001C108 /* Dependencies */,
			);
			productName = TestPixabay;
			productReference = CD2BAD0E292EBBFC00A617C8 /* TestPixabay.app */;
			productType = "com.apple.product-type.application";
		};
		CD2BAD1D292EBBFF00A617C8 /* TestPixabayTests */ = {
			isa = PBXNativeTarget;
			buildConfigurationList = CD2BAD35292EBBFF00A617C8 /* Build configuration list for PBXNativeTarget "TestPixabayTests" */;
			buildPhases = (
				CD2BAD1A292EBBFF00A617C8 /* Sources */,
				CD2BAD1B292EBBFF00A617C8 /* Frameworks */,
				CD2BAD1C292EBBFF00A617C8 /* Resources */,
			);
			buildRules = (
			);
			dependencies = (
				CD2BAD20292EBBFF00A617C8 /* PBXTargetDependency */,
			);
			name = TestPixabayTests;
			packageProductDependencies = (
				CDFD85952943732F006C9C4C /* SDWebImageSwiftUI */,
			);
			productName = TestPixabayTests;
			productReference = CD2BAD1E292EBBFF00A617C8 /* TestPixabayTests.xctest */;
			productType = "com.apple.product-type.bundle.unit-test";
		};
		CD2BAD27292EBBFF00A617C8 /* TestPixabayUITests */ = {
			isa = PBXNativeTarget;
			buildConfigurationList = CD2BAD38292EBBFF00A617C8 /* Build configuration list for PBXNativeTarget "TestPixabayUITests" */;
			buildPhases = (
				CD2BAD24292EBBFF00A617C8 /* Sources */,
				CD2BAD25292EBBFF00A617C8 /* Frameworks */,
				CD2BAD26292EBBFF00A617C8 /* Resources */,
			);
			buildRules = (
			);
			dependencies = (
				CD2BAD2A292EBBFF00A617C8 /* PBXTargetDependency */,
			);
			name = TestPixabayUITests;
			productName = TestPixabayUITests;
			productReference = CD2BAD28292EBBFF00A617C8 /* TestPixabayUITests.xctest */;
			productType = "com.apple.product-type.bundle.ui-testing";
		};
/* End PBXNativeTarget section */

/* Begin PBXProject section */
		CD2BAD06292EBBFC00A617C8 /* Project object */ = {
			isa = PBXProject;
			attributes = {
				BuildIndependentTargetsInParallel = 1;
				LastSwiftUpdateCheck = 1410;
				LastUpgradeCheck = 1410;
				TargetAttributes = {
					CD2BAD0D292EBBFC00A617C8 = {
						CreatedOnToolsVersion = 14.1;
					};
					CD2BAD1D292EBBFF00A617C8 = {
						CreatedOnToolsVersion = 14.1;
						TestTargetID = CD2BAD0D292EBBFC00A617C8;
					};
					CD2BAD27292EBBFF00A617C8 = {
						CreatedOnToolsVersion = 14.1;
						TestTargetID = CD2BAD0D292EBBFC00A617C8;
					};
				};
			};
			buildConfigurationList = CD2BAD09292EBBFC00A617C8 /* Build configuration list for PBXProject "TestPixabay" */;
			compatibilityVersion = "Xcode 14.0";
			developmentRegion = en;
			hasScannedForEncodings = 0;
			knownRegions = (
				en,
				Base,
			);
			mainGroup = CD2BAD05292EBBFC00A617C8;
			packageReferences = (
				CDBE9F8E293A55EB002BF538 /* XCRemoteSwiftPackageReference "SDWebImageSwiftUI" */,
				CDD78978294932830001C108 /* XCRemoteSwiftPackageReference "swift-composable-architecture" */,
			);
			productRefGroup = CD2BAD0F292EBBFC00A617C8 /* Products */;
			projectDirPath = "";
			projectRoot = "";
			targets = (
				CD2BAD0D292EBBFC00A617C8 /* TestPixabay */,
				CD2BAD1D292EBBFF00A617C8 /* TestPixabayTests */,
				CD2BAD27292EBBFF00A617C8 /* TestPixabayUITests */,
			);
		};
/* End PBXProject section */

/* Begin PBXResourcesBuildPhase section */
		CD2BAD0C292EBBFC00A617C8 /* Resources */ = {
			isa = PBXResourcesBuildPhase;
			buildActionMask = 2147483647;
			files = (
				CD2BAD19292EBBFF00A617C8 /* Preview Assets.xcassets in Resources */,
				CD2BAD16292EBBFF00A617C8 /* Assets.xcassets in Resources */,
			);
			runOnlyForDeploymentPostprocessing = 0;
		};
		CD2BAD1C292EBBFF00A617C8 /* Resources */ = {
			isa = PBXResourcesBuildPhase;
			buildActionMask = 2147483647;
			files = (
			);
			runOnlyForDeploymentPostprocessing = 0;
		};
		CD2BAD26292EBBFF00A617C8 /* Resources */ = {
			isa = PBXResourcesBuildPhase;
			buildActionMask = 2147483647;
			files = (
			);
			runOnlyForDeploymentPostprocessing = 0;
		};
/* End PBXResourcesBuildPhase section */

/* Begin PBXSourcesBuildPhase section */
		CD2BAD0A292EBBFC00A617C8 /* Sources */ = {
			isa = PBXSourcesBuildPhase;
			buildActionMask = 2147483647;
			files = (
				CD0F9CE3295B36E800A0FF94 /* Dependency.swift in Sources */,
				CDD7897F294933F40001C108 /* PicturesReducer.swift in Sources */,
				CDBE9F92293A5FDC002BF538 /* ResizableImageView.swift in Sources */,
				CD2BAD43292EC11200A617C8 /* PicturesView.swift in Sources */,
				CD96909C29303A0400ECB3B1 /* PicturesClient.swift in Sources */,
				CD9690A229303BFE00ECB3B1 /* Network.swift in Sources */,
				CD96909F29303BAE00ECB3B1 /* PicturesClientImpl.swift in Sources */,
				CD9690A829303D6E00ECB3B1 /* PicturesModel.swift in Sources */,
				CD9D9994292FE64D002B14E0 /* PictureDetailsView.swift in Sources */,
				CD2BAD12292EBBFC00A617C8 /* TestPixabayApp.swift in Sources */,
				CD2BAD4D292EC33F00A617C8 /* ErrorView.swift in Sources */,
				CD71E0B3294B8B9000F8205D /* PlatformInitializer.swift in Sources */,
				CD9D9992292FDA6D002B14E0 /* TagsView.swift in Sources */,
			);
			runOnlyForDeploymentPostprocessing = 0;
		};
		CD2BAD1A292EBBFF00A617C8 /* Sources */ = {
			isa = PBXSourcesBuildPhase;
			buildActionMask = 2147483647;
			files = (
				CD9690BB2930D93600ECB3B1 /* Answer.swift in Sources */,
				CD71E0B6294BD46000F8205D /* PicturesReducerTests.swift in Sources */,
			);
			runOnlyForDeploymentPostprocessing = 0;
		};
		CD2BAD24292EBBFF00A617C8 /* Sources */ = {
			isa = PBXSourcesBuildPhase;
			buildActionMask = 2147483647;
			files = (
				CD2BAD2D292EBBFF00A617C8 /* TestPixabayUITests.swift in Sources */,
				CD2BAD2F292EBBFF00A617C8 /* TestPixabayUITestsLaunchTests.swift in Sources */,
			);
			runOnlyForDeploymentPostprocessing = 0;
		};
/* End PBXSourcesBuildPhase section */

/* Begin PBXTargetDependency section */
		CD2BAD20292EBBFF00A617C8 /* PBXTargetDependency */ = {
			isa = PBXTargetDependency;
			target = CD2BAD0D292EBBFC00A617C8 /* TestPixabay */;
			targetProxy = CD2BAD1F292EBBFF00A617C8 /* PBXContainerItemProxy */;
		};
		CD2BAD2A292EBBFF00A617C8 /* PBXTargetDependency */ = {
			isa = PBXTargetDependency;
			target = CD2BAD0D292EBBFC00A617C8 /* TestPixabay */;
			targetProxy = CD2BAD29292EBBFF00A617C8 /* PBXContainerItemProxy */;
		};
/* End PBXTargetDependency section */

/* Begin XCBuildConfiguration section */
		CD2BAD30292EBBFF00A617C8 /* Debug */ = {
			isa = XCBuildConfiguration;
			buildSettings = {
				ALWAYS_SEARCH_USER_PATHS = NO;
				CLANG_ANALYZER_NONNULL = YES;
				CLANG_ANALYZER_NUMBER_OBJECT_CONVERSION = YES_AGGRESSIVE;
				CLANG_CXX_LANGUAGE_STANDARD = "gnu++20";
				CLANG_ENABLE_MODULES = YES;
				CLANG_ENABLE_OBJC_ARC = YES;
				CLANG_ENABLE_OBJC_WEAK = YES;
				CLANG_WARN_BLOCK_CAPTURE_AUTORELEASING = YES;
				CLANG_WARN_BOOL_CONVERSION = YES;
				CLANG_WARN_COMMA = YES;
				CLANG_WARN_CONSTANT_CONVERSION = YES;
				CLANG_WARN_DEPRECATED_OBJC_IMPLEMENTATIONS = YES;
				CLANG_WARN_DIRECT_OBJC_ISA_USAGE = YES_ERROR;
				CLANG_WARN_DOCUMENTATION_COMMENTS = YES;
				CLANG_WARN_EMPTY_BODY = YES;
				CLANG_WARN_ENUM_CONVERSION = YES;
				CLANG_WARN_INFINITE_RECURSION = YES;
				CLANG_WARN_INT_CONVERSION = YES;
				CLANG_WARN_NON_LITERAL_NULL_CONVERSION = YES;
				CLANG_WARN_OBJC_IMPLICIT_RETAIN_SELF = YES;
				CLANG_WARN_OBJC_LITERAL_CONVERSION = YES;
				CLANG_WARN_OBJC_ROOT_CLASS = YES_ERROR;
				CLANG_WARN_QUOTED_INCLUDE_IN_FRAMEWORK_HEADER = YES;
				CLANG_WARN_RANGE_LOOP_ANALYSIS = YES;
				CLANG_WARN_STRICT_PROTOTYPES = YES;
				CLANG_WARN_SUSPICIOUS_MOVE = YES;
				CLANG_WARN_UNGUARDED_AVAILABILITY = YES_AGGRESSIVE;
				CLANG_WARN_UNREACHABLE_CODE = YES;
				CLANG_WARN__DUPLICATE_METHOD_MATCH = YES;
				COPY_PHASE_STRIP = NO;
				DEBUG_INFORMATION_FORMAT = dwarf;
				ENABLE_STRICT_OBJC_MSGSEND = YES;
				ENABLE_TESTABILITY = YES;
				GCC_C_LANGUAGE_STANDARD = gnu11;
				GCC_DYNAMIC_NO_PIC = NO;
				GCC_NO_COMMON_BLOCKS = YES;
				GCC_OPTIMIZATION_LEVEL = 0;
				GCC_PREPROCESSOR_DEFINITIONS = (
					"DEBUG=1",
					"$(inherited)",
				);
				GCC_WARN_64_TO_32_BIT_CONVERSION = YES;
				GCC_WARN_ABOUT_RETURN_TYPE = YES_ERROR;
				GCC_WARN_UNDECLARED_SELECTOR = YES;
				GCC_WARN_UNINITIALIZED_AUTOS = YES_AGGRESSIVE;
				GCC_WARN_UNUSED_FUNCTION = YES;
				GCC_WARN_UNUSED_VARIABLE = YES;
				IPHONEOS_DEPLOYMENT_TARGET = 16.1;
				MTL_ENABLE_DEBUG_INFO = INCLUDE_SOURCE;
				MTL_FAST_MATH = YES;
				ONLY_ACTIVE_ARCH = YES;
				SDKROOT = iphoneos;
				SWIFT_ACTIVE_COMPILATION_CONDITIONS = DEBUG;
				SWIFT_OPTIMIZATION_LEVEL = "-Onone";
			};
			name = Debug;
		};
		CD2BAD31292EBBFF00A617C8 /* Release */ = {
			isa = XCBuildConfiguration;
			buildSettings = {
				ALWAYS_SEARCH_USER_PATHS = NO;
				CLANG_ANALYZER_NONNULL = YES;
				CLANG_ANALYZER_NUMBER_OBJECT_CONVERSION = YES_AGGRESSIVE;
				CLANG_CXX_LANGUAGE_STANDARD = "gnu++20";
				CLANG_ENABLE_MODULES = YES;
				CLANG_ENABLE_OBJC_ARC = YES;
				CLANG_ENABLE_OBJC_WEAK = YES;
				CLANG_WARN_BLOCK_CAPTURE_AUTORELEASING = YES;
				CLANG_WARN_BOOL_CONVERSION = YES;
				CLANG_WARN_COMMA = YES;
				CLANG_WARN_CONSTANT_CONVERSION = YES;
				CLANG_WARN_DEPRECATED_OBJC_IMPLEMENTATIONS = YES;
				CLANG_WARN_DIRECT_OBJC_ISA_USAGE = YES_ERROR;
				CLANG_WARN_DOCUMENTATION_COMMENTS = YES;
				CLANG_WARN_EMPTY_BODY = YES;
				CLANG_WARN_ENUM_CONVERSION = YES;
				CLANG_WARN_INFINITE_RECURSION = YES;
				CLANG_WARN_INT_CONVERSION = YES;
				CLANG_WARN_NON_LITERAL_NULL_CONVERSION = YES;
				CLANG_WARN_OBJC_IMPLICIT_RETAIN_SELF = YES;
				CLANG_WARN_OBJC_LITERAL_CONVERSION = YES;
				CLANG_WARN_OBJC_ROOT_CLASS = YES_ERROR;
				CLANG_WARN_QUOTED_INCLUDE_IN_FRAMEWORK_HEADER = YES;
				CLANG_WARN_RANGE_LOOP_ANALYSIS = YES;
				CLANG_WARN_STRICT_PROTOTYPES = YES;
				CLANG_WARN_SUSPICIOUS_MOVE = YES;
				CLANG_WARN_UNGUARDED_AVAILABILITY = YES_AGGRESSIVE;
				CLANG_WARN_UNREACHABLE_CODE = YES;
				CLANG_WARN__DUPLICATE_METHOD_MATCH = YES;
				COPY_PHASE_STRIP = NO;
				DEBUG_INFORMATION_FORMAT = "dwarf-with-dsym";
				ENABLE_NS_ASSERTIONS = NO;
				ENABLE_STRICT_OBJC_MSGSEND = YES;
				GCC_C_LANGUAGE_STANDARD = gnu11;
				GCC_NO_COMMON_BLOCKS = YES;
				GCC_WARN_64_TO_32_BIT_CONVERSION = YES;
				GCC_WARN_ABOUT_RETURN_TYPE = YES_ERROR;
				GCC_WARN_UNDECLARED_SELECTOR = YES;
				GCC_WARN_UNINITIALIZED_AUTOS = YES_AGGRESSIVE;
				GCC_WARN_UNUSED_FUNCTION = YES;
				GCC_WARN_UNUSED_VARIABLE = YES;
				IPHONEOS_DEPLOYMENT_TARGET = 16.1;
				MTL_ENABLE_DEBUG_INFO = NO;
				MTL_FAST_MATH = YES;
				SDKROOT = iphoneos;
				SWIFT_COMPILATION_MODE = wholemodule;
				SWIFT_OPTIMIZATION_LEVEL = "-O";
				VALIDATE_PRODUCT = YES;
			};
			name = Release;
		};
		CD2BAD33292EBBFF00A617C8 /* Debug */ = {
			isa = XCBuildConfiguration;
			buildSettings = {
				ASSETCATALOG_COMPILER_APPICON_NAME = AppIcon;
				ASSETCATALOG_COMPILER_GLOBAL_ACCENT_COLOR_NAME = AccentColor;
				CODE_SIGN_STYLE = Automatic;
				CURRENT_PROJECT_VERSION = 1;
				DEVELOPMENT_ASSET_PATHS = "\"TestPixabay/Preview Content\"";
				DEVELOPMENT_TEAM = 6894A8BA33;
				ENABLE_PREVIEWS = YES;
				GENERATE_INFOPLIST_FILE = YES;
				INFOPLIST_FILE = TestPixabay/Info.plist;
				INFOPLIST_KEY_UIApplicationSceneManifest_Generation = YES;
				INFOPLIST_KEY_UIApplicationSupportsIndirectInputEvents = YES;
				INFOPLIST_KEY_UILaunchScreen_Generation = YES;
				INFOPLIST_KEY_UISupportedInterfaceOrientations_iPad = "UIInterfaceOrientationPortrait UIInterfaceOrientationPortraitUpsideDown UIInterfaceOrientationLandscapeLeft UIInterfaceOrientationLandscapeRight";
				INFOPLIST_KEY_UISupportedInterfaceOrientations_iPhone = "UIInterfaceOrientationPortrait UIInterfaceOrientationLandscapeLeft UIInterfaceOrientationLandscapeRight";
				LD_RUNPATH_SEARCH_PATHS = (
					"$(inherited)",
					"@executable_path/Frameworks",
				);
				MARKETING_VERSION = 1.0;
				PRODUCT_BUNDLE_IDENTIFIER = company.TestPixabay;
				PRODUCT_NAME = "$(TARGET_NAME)";
				SWIFT_EMIT_LOC_STRINGS = YES;
				SWIFT_VERSION = 5.0;
				TARGETED_DEVICE_FAMILY = "1,2";
			};
			name = Debug;
		};
		CD2BAD34292EBBFF00A617C8 /* Release */ = {
			isa = XCBuildConfiguration;
			buildSettings = {
				ASSETCATALOG_COMPILER_APPICON_NAME = AppIcon;
				ASSETCATALOG_COMPILER_GLOBAL_ACCENT_COLOR_NAME = AccentColor;
				CODE_SIGN_STYLE = Automatic;
				CURRENT_PROJECT_VERSION = 1;
				DEVELOPMENT_ASSET_PATHS = "\"TestPixabay/Preview Content\"";
				DEVELOPMENT_TEAM = 6894A8BA33;
				ENABLE_PREVIEWS = YES;
				GENERATE_INFOPLIST_FILE = YES;
				INFOPLIST_FILE = TestPixabay/Info.plist;
				INFOPLIST_KEY_UIApplicationSceneManifest_Generation = YES;
				INFOPLIST_KEY_UIApplicationSupportsIndirectInputEvents = YES;
				INFOPLIST_KEY_UILaunchScreen_Generation = YES;
				INFOPLIST_KEY_UISupportedInterfaceOrientations_iPad = "UIInterfaceOrientationPortrait UIInterfaceOrientationPortraitUpsideDown UIInterfaceOrientationLandscapeLeft UIInterfaceOrientationLandscapeRight";
				INFOPLIST_KEY_UISupportedInterfaceOrientations_iPhone = "UIInterfaceOrientationPortrait UIInterfaceOrientationLandscapeLeft UIInterfaceOrientationLandscapeRight";
				LD_RUNPATH_SEARCH_PATHS = (
					"$(inherited)",
					"@executable_path/Frameworks",
				);
				MARKETING_VERSION = 1.0;
				PRODUCT_BUNDLE_IDENTIFIER = company.TestPixabay;
				PRODUCT_NAME = "$(TARGET_NAME)";
				SWIFT_EMIT_LOC_STRINGS = YES;
				SWIFT_VERSION = 5.0;
				TARGETED_DEVICE_FAMILY = "1,2";
			};
			name = Release;
		};
		CD2BAD36292EBBFF00A617C8 /* Debug */ = {
			isa = XCBuildConfiguration;
			buildSettings = {
				ALWAYS_EMBED_SWIFT_STANDARD_LIBRARIES = YES;
				BUNDLE_LOADER = "$(TEST_HOST)";
				CODE_SIGN_STYLE = Automatic;
				CURRENT_PROJECT_VERSION = 1;
				DEVELOPMENT_TEAM = 6894A8BA33;
				GENERATE_INFOPLIST_FILE = YES;
				IPHONEOS_DEPLOYMENT_TARGET = 16.1;
				MARKETING_VERSION = 1.0;
				PRODUCT_BUNDLE_IDENTIFIER = company.TestPixabayTests;
				PRODUCT_NAME = "$(TARGET_NAME)";
				SWIFT_EMIT_LOC_STRINGS = NO;
				SWIFT_VERSION = 5.0;
				TARGETED_DEVICE_FAMILY = "1,2";
				TEST_HOST = "$(BUILT_PRODUCTS_DIR)/TestPixabay.app/$(BUNDLE_EXECUTABLE_FOLDER_PATH)/TestPixabay";
			};
			name = Debug;
		};
		CD2BAD37292EBBFF00A617C8 /* Release */ = {
			isa = XCBuildConfiguration;
			buildSettings = {
				ALWAYS_EMBED_SWIFT_STANDARD_LIBRARIES = YES;
				BUNDLE_LOADER = "$(TEST_HOST)";
				CODE_SIGN_STYLE = Automatic;
				CURRENT_PROJECT_VERSION = 1;
				DEVELOPMENT_TEAM = 6894A8BA33;
				GENERATE_INFOPLIST_FILE = YES;
				IPHONEOS_DEPLOYMENT_TARGET = 16.1;
				MARKETING_VERSION = 1.0;
				PRODUCT_BUNDLE_IDENTIFIER = company.TestPixabayTests;
				PRODUCT_NAME = "$(TARGET_NAME)";
				SWIFT_EMIT_LOC_STRINGS = NO;
				SWIFT_VERSION = 5.0;
				TARGETED_DEVICE_FAMILY = "1,2";
				TEST_HOST = "$(BUILT_PRODUCTS_DIR)/TestPixabay.app/$(BUNDLE_EXECUTABLE_FOLDER_PATH)/TestPixabay";
			};
			name = Release;
		};
		CD2BAD39292EBBFF00A617C8 /* Debug */ = {
			isa = XCBuildConfiguration;
			buildSettings = {
				ALWAYS_EMBED_SWIFT_STANDARD_LIBRARIES = YES;
				CODE_SIGN_STYLE = Automatic;
				CURRENT_PROJECT_VERSION = 1;
				DEVELOPMENT_TEAM = 6894A8BA33;
				GENERATE_INFOPLIST_FILE = YES;
				MARKETING_VERSION = 1.0;
				PRODUCT_BUNDLE_IDENTIFIER = company.TestPixabayUITests;
				PRODUCT_NAME = "$(TARGET_NAME)";
				SWIFT_EMIT_LOC_STRINGS = NO;
				SWIFT_VERSION = 5.0;
				TARGETED_DEVICE_FAMILY = "1,2";
				TEST_TARGET_NAME = TestPixabay;
			};
			name = Debug;
		};
		CD2BAD3A292EBBFF00A617C8 /* Release */ = {
			isa = XCBuildConfiguration;
			buildSettings = {
				ALWAYS_EMBED_SWIFT_STANDARD_LIBRARIES = YES;
				CODE_SIGN_STYLE = Automatic;
				CURRENT_PROJECT_VERSION = 1;
				DEVELOPMENT_TEAM = 6894A8BA33;
				GENERATE_INFOPLIST_FILE = YES;
				MARKETING_VERSION = 1.0;
				PRODUCT_BUNDLE_IDENTIFIER = company.TestPixabayUITests;
				PRODUCT_NAME = "$(TARGET_NAME)";
				SWIFT_EMIT_LOC_STRINGS = NO;
				SWIFT_VERSION = 5.0;
				TARGETED_DEVICE_FAMILY = "1,2";
				TEST_TARGET_NAME = TestPixabay;
			};
			name = Release;
		};
/* End XCBuildConfiguration section */

/* Begin XCConfigurationList section */
		CD2BAD09292EBBFC00A617C8 /* Build configuration list for PBXProject "TestPixabay" */ = {
			isa = XCConfigurationList;
			buildConfigurations = (
				CD2BAD30292EBBFF00A617C8 /* Debug */,
				CD2BAD31292EBBFF00A617C8 /* Release */,
			);
			defaultConfigurationIsVisible = 0;
			defaultConfigurationName = Release;
		};
		CD2BAD32292EBBFF00A617C8 /* Build configuration list for PBXNativeTarget "TestPixabay" */ = {
			isa = XCConfigurationList;
			buildConfigurations = (
				CD2BAD33292EBBFF00A617C8 /* Debug */,
				CD2BAD34292EBBFF00A617C8 /* Release */,
			);
			defaultConfigurationIsVisible = 0;
			defaultConfigurationName = Release;
		};
		CD2BAD35292EBBFF00A617C8 /* Build configuration list for PBXNativeTarget "TestPixabayTests" */ = {
			isa = XCConfigurationList;
			buildConfigurations = (
				CD2BAD36292EBBFF00A617C8 /* Debug */,
				CD2BAD37292EBBFF00A617C8 /* Release */,
			);
			defaultConfigurationIsVisible = 0;
			defaultConfigurationName = Release;
		};
		CD2BAD38292EBBFF00A617C8 /* Build configuration list for PBXNativeTarget "TestPixabayUITests" */ = {
			isa = XCConfigurationList;
			buildConfigurations = (
				CD2BAD39292EBBFF00A617C8 /* Debug */,
				CD2BAD3A292EBBFF00A617C8 /* Release */,
			);
			defaultConfigurationIsVisible = 0;
			defaultConfigurationName = Release;
		};
/* End XCConfigurationList section */

/* Begin XCRemoteSwiftPackageReference section */
		CDBE9F8E293A55EB002BF538 /* XCRemoteSwiftPackageReference "SDWebImageSwiftUI" */ = {
			isa = XCRemoteSwiftPackageReference;
			repositoryURL = "https://github.com/SDWebImage/SDWebImageSwiftUI";
			requirement = {
				kind = upToNextMajorVersion;
				minimumVersion = 2.0.0;
			};
		};
		CDD78978294932830001C108 /* XCRemoteSwiftPackageReference "swift-composable-architecture" */ = {
			isa = XCRemoteSwiftPackageReference;
			repositoryURL = "https://github.com/pointfreeco/swift-composable-architecture";
			requirement = {
				kind = upToNextMajorVersion;
				minimumVersion = 0.9.0;
			};
		};
/* End XCRemoteSwiftPackageReference section */

/* Begin XCSwiftPackageProductDependency section */
		CDBE9F8F293A55EB002BF538 /* SDWebImageSwiftUI */ = {
			isa = XCSwiftPackageProductDependency;
			package = CDBE9F8E293A55EB002BF538 /* XCRemoteSwiftPackageReference "SDWebImageSwiftUI" */;
			productName = SDWebImageSwiftUI;
		};
		CDD78979294932830001C108 /* ComposableArchitecture */ = {
			isa = XCSwiftPackageProductDependency;
			package = CDD78978294932830001C108 /* XCRemoteSwiftPackageReference "swift-composable-architecture" */;
			productName = ComposableArchitecture;
		};
		CDD7897B294932830001C108 /* Dependencies */ = {
			isa = XCSwiftPackageProductDependency;
			package = CDD78978294932830001C108 /* XCRemoteSwiftPackageReference "swift-composable-architecture" */;
			productName = Dependencies;
		};
		CDFD85952943732F006C9C4C /* SDWebImageSwiftUI */ = {
			isa = XCSwiftPackageProductDependency;
			package = CDBE9F8E293A55EB002BF538 /* XCRemoteSwiftPackageReference "SDWebImageSwiftUI" */;
			productName = SDWebImageSwiftUI;
		};
/* End XCSwiftPackageProductDependency section */
	};
	rootObject = CD2BAD06292EBBFC00A617C8 /* Project object */;
}
